
Microsoft Visual Studio Solution File, Format Version 12.00
Project("{FAE04EC0-301F-11D3-BF4B-00C04F79EFBC}") = "Problem1", "Problem1\Problem1.csproj", "{EE45AFAF-7AEC-4E84-9D25-26E250E3EC4D}"
EndProject
Global
	GlobalSection(SolutionConfigurationPlatforms) = preSolution
		Debug|Any CPU = Debug|Any CPU
		Release|Any CPU = Release|Any CPU
	EndGlobalSection
	GlobalSection(ProjectConfigurationPlatforms) = postSolution
		{EE45AFAF-7AEC-4E84-9D25-26E250E3EC4D}.Debug|Any CPU.ActiveCfg = Debug|Any CPU
		{EE45AFAF-7AEC-4E84-9D25-26E250E3EC4D}.Debug|Any CPU.Build.0 = Debug|Any CPU
		{EE45AFAF-7AEC-4E84-9D25-26E250E3EC4D}.Release|Any CPU.ActiveCfg = Release|Any CPU
		{EE45AFAF-7AEC-4E84-9D25-26E250E3EC4D}.Release|Any CPU.Build.0 = Release|Any CPU
	EndGlobalSection
EndGlobal
